// !$*UTF8*$!
{
	archiveVersion = 1;
	classes = {
	};
	objectVersion = 50;
	objects = {

/* Begin PBXBuildFile section */
		BAC301642355CBCE00FAFD88 /* Repository.swift in Sources */ = {isa = PBXBuildFile; fileRef = BAC301632355CBCE00FAFD88 /* Repository.swift */; };
		BAC301662355CC8900FAFD88 /* DataViewModelDelege.swift in Sources */ = {isa = PBXBuildFile; fileRef = BAC301652355CC8900FAFD88 /* DataViewModelDelege.swift */; };
		BACBCE182351565E0095DB6B /* AppDelegate.swift in Sources */ = {isa = PBXBuildFile; fileRef = BACBCE172351565E0095DB6B /* AppDelegate.swift */; };
		BACBCE1A2351565E0095DB6B /* ViewController.swift in Sources */ = {isa = PBXBuildFile; fileRef = BACBCE192351565E0095DB6B /* ViewController.swift */; };
		BACBCE1D2351565E0095DB6B /* Main.storyboard in Resources */ = {isa = PBXBuildFile; fileRef = BACBCE1B2351565E0095DB6B /* Main.storyboard */; };
		BACBCE202351565E0095DB6B /* DobanBooks.xcdatamodeld in Sources */ = {isa = PBXBuildFile; fileRef = BACBCE1E2351565E0095DB6B /* DobanBooks.xcdatamodeld */; };
		BACBCE222351565F0095DB6B /* Assets.xcassets in Resources */ = {isa = PBXBuildFile; fileRef = BACBCE212351565F0095DB6B /* Assets.xcassets */; };
		BACBCE252351565F0095DB6B /* LaunchScreen.storyboard in Resources */ = {isa = PBXBuildFile; fileRef = BACBCE232351565F0095DB6B /* LaunchScreen.storyboard */; };
		BACBCE302351565F0095DB6B /* DobanBooksTests.swift in Sources */ = {isa = PBXBuildFile; fileRef = BACBCE2F2351565F0095DB6B /* DobanBooksTests.swift */; };
		BACBCE4923516B100095DB6B /* VMCategory.swift in Sources */ = {isa = PBXBuildFile; fileRef = BACBCE4823516B100095DB6B /* VMCategory.swift */; };
		BACBCE4B23516BB00095DB6B /* CatrgoryRepository.swift in Sources */ = {isa = PBXBuildFile; fileRef = BACBCE4A23516BB00095DB6B /* CatrgoryRepository.swift */; };
		BACBCE4D235181950095DB6B /* DataError.swift in Sources */ = {isa = PBXBuildFile; fileRef = BACBCE4C235181950095DB6B /* DataError.swift */; };
		BACECA672353F535006C96E0 /* CategoryFactory.swift in Sources */ = {isa = PBXBuildFile; fileRef = BACECA662353F535006C96E0 /* CategoryFactory.swift */; };
		BACECA692354020F006C96E0 /* VmBook.swift in Sources */ = {isa = PBXBuildFile; fileRef = BACECA682354020F006C96E0 /* VmBook.swift */; };
		BACECA6B23540FF0006C96E0 /* BookRepository.swift in Sources */ = {isa = PBXBuildFile; fileRef = BACECA6A23540FF0006C96E0 /* BookRepository.swift */; };
		BACECA6D23541DE4006C96E0 /* BookFactory.swift in Sources */ = {isa = PBXBuildFile; fileRef = BACECA6C23541DE4006C96E0 /* BookFactory.swift */; };
/* End PBXBuildFile section */

/* Begin PBXContainerItemProxy section */
		BACBCE2C2351565F0095DB6B /* PBXContainerItemProxy */ = {
			isa = PBXContainerItemProxy;
			containerPortal = BACBCE0C2351565E0095DB6B /* Project object */;
			proxyType = 1;
			remoteGlobalIDString = BACBCE132351565E0095DB6B;
			remoteInfo = DobanBooks;
		};
/* End PBXContainerItemProxy section */

/* Begin PBXFileReference section */
		BAC301632355CBCE00FAFD88 /* Repository.swift */ = {isa = PBXFileReference; lastKnownFileType = sourcecode.swift; path = Repository.swift; sourceTree = "<group>"; };
		BAC301652355CC8900FAFD88 /* DataViewModelDelege.swift */ = {isa = PBXFileReference; lastKnownFileType = sourcecode.swift; path = DataViewModelDelege.swift; sourceTree = "<group>"; };
		BACBCE142351565E0095DB6B /* DobanBooks.app */ = {isa = PBXFileReference; explicitFileType = wrapper.application; includeInIndex = 0; path = DobanBooks.app; sourceTree = BUILT_PRODUCTS_DIR; };
		BACBCE172351565E0095DB6B /* AppDelegate.swift */ = {isa = PBXFileReference; lastKnownFileType = sourcecode.swift; path = AppDelegate.swift; sourceTree = "<group>"; };
		BACBCE192351565E0095DB6B /* ViewController.swift */ = {isa = PBXFileReference; lastKnownFileType = sourcecode.swift; path = ViewController.swift; sourceTree = "<group>"; };
		BACBCE1C2351565E0095DB6B /* Base */ = {isa = PBXFileReference; lastKnownFileType = file.storyboard; name = Base; path = Base.lproj/Main.storyboard; sourceTree = "<group>"; };
		BACBCE1F2351565E0095DB6B /* DobanBooks.xcdatamodel */ = {isa = PBXFileReference; lastKnownFileType = wrapper.xcdatamodel; path = DobanBooks.xcdatamodel; sourceTree = "<group>"; };
		BACBCE212351565F0095DB6B /* Assets.xcassets */ = {isa = PBXFileReference; lastKnownFileType = folder.assetcatalog; path = Assets.xcassets; sourceTree = "<group>"; };
		BACBCE242351565F0095DB6B /* Base */ = {isa = PBXFileReference; lastKnownFileType = file.storyboard; name = Base; path = Base.lproj/LaunchScreen.storyboard; sourceTree = "<group>"; };
		BACBCE262351565F0095DB6B /* Info.plist */ = {isa = PBXFileReference; lastKnownFileType = text.plist.xml; path = Info.plist; sourceTree = "<group>"; };
		BACBCE2B2351565F0095DB6B /* DobanBooksTests.xctest */ = {isa = PBXFileReference; explicitFileType = wrapper.cfbundle; includeInIndex = 0; path = DobanBooksTests.xctest; sourceTree = BUILT_PRODUCTS_DIR; };
		BACBCE2F2351565F0095DB6B /* DobanBooksTests.swift */ = {isa = PBXFileReference; lastKnownFileType = sourcecode.swift; path = DobanBooksTests.swift; sourceTree = "<group>"; };
		BACBCE312351565F0095DB6B /* Info.plist */ = {isa = PBXFileReference; lastKnownFileType = text.plist.xml; path = Info.plist; sourceTree = "<group>"; };
		BACBCE3A235157860095DB6B /* Book+CoreDataClass.swift */ = {isa = PBXFileReference; lastKnownFileType = sourcecode.swift; path = "Book+CoreDataClass.swift"; sourceTree = SOURCE_ROOT; };
		BACBCE3B235157860095DB6B /* Book+CoreDataProperties.swift */ = {isa = PBXFileReference; lastKnownFileType = sourcecode.swift; path = "Book+CoreDataProperties.swift"; sourceTree = SOURCE_ROOT; };
		BACBCE3C235157860095DB6B /* Category+CoreDataClass.swift */ = {isa = PBXFileReference; lastKnownFileType = sourcecode.swift; path = "Category+CoreDataClass.swift"; sourceTree = SOURCE_ROOT; };
		BACBCE3D235157860095DB6B /* Category+CoreDataProperties.swift */ = {isa = PBXFileReference; lastKnownFileType = sourcecode.swift; path = "Category+CoreDataProperties.swift"; sourceTree = SOURCE_ROOT; };
		BACBCE4223515E470095DB6B /* DobanBooks 2.xcdatamodel */ = {isa = PBXFileReference; lastKnownFileType = wrapper.xcdatamodel; path = "DobanBooks 2.xcdatamodel"; sourceTree = "<group>"; };
		BACBCE4823516B100095DB6B /* VMCategory.swift */ = {isa = PBXFileReference; lastKnownFileType = sourcecode.swift; path = VMCategory.swift; sourceTree = "<group>"; };
		BACBCE4A23516BB00095DB6B /* CatrgoryRepository.swift */ = {isa = PBXFileReference; lastKnownFileType = sourcecode.swift; path = CatrgoryRepository.swift; sourceTree = "<group>"; };
		BACBCE4C235181950095DB6B /* DataError.swift */ = {isa = PBXFileReference; lastKnownFileType = sourcecode.swift; path = DataError.swift; sourceTree = "<group>"; };
		BACECA662353F535006C96E0 /* CategoryFactory.swift */ = {isa = PBXFileReference; lastKnownFileType = sourcecode.swift; path = CategoryFactory.swift; sourceTree = "<group>"; };
		BACECA682354020F006C96E0 /* VmBook.swift */ = {isa = PBXFileReference; lastKnownFileType = sourcecode.swift; path = VmBook.swift; sourceTree = "<group>"; };
		BACECA6A23540FF0006C96E0 /* BookRepository.swift */ = {isa = PBXFileReference; lastKnownFileType = sourcecode.swift; path = BookRepository.swift; sourceTree = "<group>"; };
		BACECA6C23541DE4006C96E0 /* BookFactory.swift */ = {isa = PBXFileReference; lastKnownFileType = sourcecode.swift; path = BookFactory.swift; sourceTree = "<group>"; };
/* End PBXFileReference section */

/* Begin PBXFrameworksBuildPhase section */
		BACBCE112351565E0095DB6B /* Frameworks */ = {
			isa = PBXFrameworksBuildPhase;
			buildActionMask = 2147483647;
			files = (
			);
			runOnlyForDeploymentPostprocessing = 0;
		};
		BACBCE282351565F0095DB6B /* Frameworks */ = {
			isa = PBXFrameworksBuildPhase;
			buildActionMask = 2147483647;
			files = (
			);
			runOnlyForDeploymentPostprocessing = 0;
		};
/* End PBXFrameworksBuildPhase section */

/* Begin PBXGroup section */
		BACBCE0B2351565E0095DB6B = {
			isa = PBXGroup;
			children = (
				BACBCE3A235157860095DB6B /* Book+CoreDataClass.swift */,
				BACBCE3B235157860095DB6B /* Book+CoreDataProperties.swift */,
				BACBCE3C235157860095DB6B /* Category+CoreDataClass.swift */,
				BACBCE3D235157860095DB6B /* Category+CoreDataProperties.swift */,
				BACBCE162351565E0095DB6B /* DobanBooks */,
				BACBCE2E2351565F0095DB6B /* DobanBooksTests */,
				BACBCE152351565E0095DB6B /* Products */,
			);
			sourceTree = "<group>";
		};
		BACBCE152351565E0095DB6B /* Products */ = {
			isa = PBXGroup;
			children = (
				BACBCE142351565E0095DB6B /* DobanBooks.app */,
				BACBCE2B2351565F0095DB6B /* DobanBooksTests.xctest */,
			);
			name = Products;
			sourceTree = "<group>";
		};
		BACBCE162351565E0095DB6B /* DobanBooks */ = {
			isa = PBXGroup;
			children = (
				BACBCE4723516AC90095DB6B /* Persists */,
				BACBCE4623516ABA0095DB6B /* Utils */,
				BACBCE4523516AB10095DB6B /* Controller */,
				BACBCE4423516A900095DB6B /* Views */,
				BACBCE4323516A840095DB6B /* Models */,
				BACBCE172351565E0095DB6B /* AppDelegate.swift */,
				BACBCE192351565E0095DB6B /* ViewController.swift */,
				BACBCE1B2351565E0095DB6B /* Main.storyboard */,
				BACBCE212351565F0095DB6B /* Assets.xcassets */,
				BACBCE232351565F0095DB6B /* LaunchScreen.storyboard */,
				BACBCE262351565F0095DB6B /* Info.plist */,
				BACBCE1E2351565E0095DB6B /* DobanBooks.xcdatamodeld */,
			);
			path = DobanBooks;
			sourceTree = "<group>";
		};
		BACBCE2E2351565F0095DB6B /* DobanBooksTests */ = {
			isa = PBXGroup;
			children = (
				BACBCE2F2351565F0095DB6B /* DobanBooksTests.swift */,
				BACBCE312351565F0095DB6B /* Info.plist */,
			);
			path = DobanBooksTests;
			sourceTree = "<group>";
		};
		BACBCE4323516A840095DB6B /* Models */ = {
			isa = PBXGroup;
			children = (
				BACBCE4823516B100095DB6B /* VMCategory.swift */,
				BACECA662353F535006C96E0 /* CategoryFactory.swift */,
				BACECA682354020F006C96E0 /* VmBook.swift */,
				BACECA6C23541DE4006C96E0 /* BookFactory.swift */,
			);
			name = Models;
			sourceTree = "<group>";
		};
		BACBCE4423516A900095DB6B /* Views */ = {
			isa = PBXGroup;
			children = (
			);
			name = Views;
			sourceTree = "<group>";
		};
		BACBCE4523516AB10095DB6B /* Controller */ = {
			isa = PBXGroup;
			children = (
			);
			name = Controller;
			sourceTree = "<group>";
		};
		BACBCE4623516ABA0095DB6B /* Utils */ = {
			isa = PBXGroup;
			children = (
			);
			name = Utils;
			sourceTree = "<group>";
		};
		BACBCE4723516AC90095DB6B /* Persists */ = {
			isa = PBXGroup;
			children = (
				BACBCE4A23516BB00095DB6B /* CatrgoryRepository.swift */,
				BACBCE4C235181950095DB6B /* DataError.swift */,
				BACECA6A23540FF0006C96E0 /* BookRepository.swift */,
				BAC301632355CBCE00FAFD88 /* Repository.swift */,
				BAC301652355CC8900FAFD88 /* DataViewModelDelege.swift */,
			);
			name = Persists;
			sourceTree = "<group>";
		};
/* End PBXGroup section */

/* Begin PBXNativeTarget section */
		BACBCE132351565E0095DB6B /* DobanBooks */ = {
			isa = PBXNativeTarget;
			buildConfigurationList = BACBCE342351565F0095DB6B /* Build configuration list for PBXNativeTarget "DobanBooks" */;
			buildPhases = (
				BACBCE102351565E0095DB6B /* Sources */,
				BACBCE112351565E0095DB6B /* Frameworks */,
				BACBCE122351565E0095DB6B /* Resources */,
			);
			buildRules = (
			);
			dependencies = (
			);
			name = DobanBooks;
			productName = DobanBooks;
			productReference = BACBCE142351565E0095DB6B /* DobanBooks.app */;
			productType = "com.apple.product-type.application";
		};
		BACBCE2A2351565F0095DB6B /* DobanBooksTests */ = {
			isa = PBXNativeTarget;
			buildConfigurationList = BACBCE372351565F0095DB6B /* Build configuration list for PBXNativeTarget "DobanBooksTests" */;
			buildPhases = (
				BACBCE272351565F0095DB6B /* Sources */,
				BACBCE282351565F0095DB6B /* Frameworks */,
				BACBCE292351565F0095DB6B /* Resources */,
			);
			buildRules = (
			);
			dependencies = (
				BACBCE2D2351565F0095DB6B /* PBXTargetDependency */,
			);
			name = DobanBooksTests;
			productName = DobanBooksTests;
			productReference = BACBCE2B2351565F0095DB6B /* DobanBooksTests.xctest */;
			productType = "com.apple.product-type.bundle.unit-test";
		};
/* End PBXNativeTarget section */

/* Begin PBXProject section */
		BACBCE0C2351565E0095DB6B /* Project object */ = {
			isa = PBXProject;
			attributes = {
				LastSwiftUpdateCheck = 1000;
				LastUpgradeCheck = 1000;
				ORGANIZATIONNAME = 2017yd;
				TargetAttributes = {
					BACBCE132351565E0095DB6B = {
						CreatedOnToolsVersion = 10.0;
					};
					BACBCE2A2351565F0095DB6B = {
						CreatedOnToolsVersion = 10.0;
						TestTargetID = BACBCE132351565E0095DB6B;
					};
				};
			};
			buildConfigurationList = BACBCE0F2351565E0095DB6B /* Build configuration list for PBXProject "DobanBooks" */;
			compatibilityVersion = "Xcode 9.3";
			developmentRegion = en;
			hasScannedForEncodings = 0;
			knownRegions = (
				en,
				Base,
			);
			mainGroup = BACBCE0B2351565E0095DB6B;
			productRefGroup = BACBCE152351565E0095DB6B /* Products */;
			projectDirPath = "";
			projectRoot = "";
			targets = (
				BACBCE132351565E0095DB6B /* DobanBooks */,
				BACBCE2A2351565F0095DB6B /* DobanBooksTests */,
			);
		};
/* End PBXProject section */

/* Begin PBXResourcesBuildPhase section */
		BACBCE122351565E0095DB6B /* Resources */ = {
			isa = PBXResourcesBuildPhase;
			buildActionMask = 2147483647;
			files = (
				BACBCE252351565F0095DB6B /* LaunchScreen.storyboard in Resources */,
				BACBCE222351565F0095DB6B /* Assets.xcassets in Resources */,
				BACBCE1D2351565E0095DB6B /* Main.storyboard in Resources */,
			);
			runOnlyForDeploymentPostprocessing = 0;
		};
		BACBCE292351565F0095DB6B /* Resources */ = {
			isa = PBXResourcesBuildPhase;
			buildActionMask = 2147483647;
			files = (
			);
			runOnlyForDeploymentPostprocessing = 0;
		};
/* End PBXResourcesBuildPhase section */

/* Begin PBXSourcesBuildPhase section */
		BACBCE102351565E0095DB6B /* Sources */ = {
			isa = PBXSourcesBuildPhase;
			buildActionMask = 2147483647;
			files = (
				BACBCE4D235181950095DB6B /* DataError.swift in Sources */,
				BACBCE4923516B100095DB6B /* VMCategory.swift in Sources */,
				BACBCE1A2351565E0095DB6B /* ViewController.swift in Sources */,
				BACECA6D23541DE4006C96E0 /* BookFactory.swift in Sources */,
				BACECA672353F535006C96E0 /* CategoryFactory.swift in Sources */,
				BAC301642355CBCE00FAFD88 /* Repository.swift in Sources */,
				BACBCE182351565E0095DB6B /* AppDelegate.swift in Sources */,
				BACECA692354020F006C96E0 /* VmBook.swift in Sources */,
				BAC301662355CC8900FAFD88 /* DataViewModelDelege.swift in Sources */,
				BACBCE4B23516BB00095DB6B /* CatrgoryRepository.swift in Sources */,
				BACBCE202351565E0095DB6B /* DobanBooks.xcdatamodeld in Sources */,
				BACECA6B23540FF0006C96E0 /* BookRepository.swift in Sources */,
			);
			runOnlyForDeploymentPostprocessing = 0;
		};
		BACBCE272351565F0095DB6B /* Sources */ = {
			isa = PBXSourcesBuildPhase;
			buildActionMask = 2147483647;
			files = (
				BACBCE302351565F0095DB6B /* DobanBooksTests.swift in Sources */,
			);
			runOnlyForDeploymentPostprocessing = 0;
		};
/* End PBXSourcesBuildPhase section */

/* Begin PBXTargetDependency section */
		BACBCE2D2351565F0095DB6B /* PBXTargetDependency */ = {
			isa = PBXTargetDependency;
			target = BACBCE132351565E0095DB6B /* DobanBooks */;
			targetProxy = BACBCE2C2351565F0095DB6B /* PBXContainerItemProxy */;
		};
/* End PBXTargetDependency section */

/* Begin PBXVariantGroup section */
		BACBCE1B2351565E0095DB6B /* Main.storyboard */ = {
			isa = PBXVariantGroup;
			children = (
				BACBCE1C2351565E0095DB6B /* Base */,
			);
			name = Main.storyboard;
			sourceTree = "<group>";
		};
		BACBCE232351565F0095DB6B /* LaunchScreen.storyboard */ = {
			isa = PBXVariantGroup;
			children = (
				BACBCE242351565F0095DB6B /* Base */,
			);
			name = LaunchScreen.storyboard;
			sourceTree = "<group>";
		};
/* End PBXVariantGroup section */

/* Begin XCBuildConfiguration section */
		BACBCE322351565F0095DB6B /* Debug */ = {
			isa = XCBuildConfiguration;
			buildSettings = {
				ALWAYS_SEARCH_USER_PATHS = NO;
				CLANG_ANALYZER_NONNULL = YES;
				CLANG_ANALYZER_NUMBER_OBJECT_CONVERSION = YES_AGGRESSIVE;
				CLANG_CXX_LANGUAGE_STANDARD = "gnu++14";
				CLANG_CXX_LIBRARY = "libc++";
				CLANG_ENABLE_MODULES = YES;
				CLANG_ENABLE_OBJC_ARC = YES;
				CLANG_ENABLE_OBJC_WEAK = YES;
				CLANG_WARN_BLOCK_CAPTURE_AUTORELEASING = YES;
				CLANG_WARN_BOOL_CONVERSION = YES;
				CLANG_WARN_COMMA = YES;
				CLANG_WARN_CONSTANT_CONVERSION = YES;
				CLANG_WARN_DEPRECATED_OBJC_IMPLEMENTATIONS = YES;
				CLANG_WARN_DIRECT_OBJC_ISA_USAGE = YES_ERROR;
				CLANG_WARN_DOCUMENTATION_COMMENTS = YES;
				CLANG_WARN_EMPTY_BODY = YES;
				CLANG_WARN_ENUM_CONVERSION = YES;
				CLANG_WARN_INFINITE_RECURSION = YES;
				CLANG_WARN_INT_CONVERSION = YES;
				CLANG_WARN_NON_LITERAL_NULL_CONVERSION = YES;
				CLANG_WARN_OBJC_IMPLICIT_RETAIN_SELF = YES;
				CLANG_WARN_OBJC_LITERAL_CONVERSION = YES;
				CLANG_WARN_OBJC_ROOT_CLASS = YES_ERROR;
				CLANG_WARN_RANGE_LOOP_ANALYSIS = YES;
				CLANG_WARN_STRICT_PROTOTYPES = YES;
				CLANG_WARN_SUSPICIOUS_MOVE = YES;
				CLANG_WARN_UNGUARDED_AVAILABILITY = YES_AGGRESSIVE;
				CLANG_WARN_UNREACHABLE_CODE = YES;
				CLANG_WARN__DUPLICATE_METHOD_MATCH = YES;
				CODE_SIGN_IDENTITY = "iPhone Developer";
				COPY_PHASE_STRIP = NO;
				DEBUG_INFORMATION_FORMAT = dwarf;
				ENABLE_STRICT_OBJC_MSGSEND = YES;
				ENABLE_TESTABILITY = YES;
				GCC_C_LANGUAGE_STANDARD = gnu11;
				GCC_DYNAMIC_NO_PIC = NO;
				GCC_NO_COMMON_BLOCKS = YES;
				GCC_OPTIMIZATION_LEVEL = 0;
				GCC_PREPROCESSOR_DEFINITIONS = (
					"DEBUG=1",
					"$(inherited)",
				);
				GCC_WARN_64_TO_32_BIT_CONVERSION = YES;
				GCC_WARN_ABOUT_RETURN_TYPE = YES_ERROR;
				GCC_WARN_UNDECLARED_SELECTOR = YES;
				GCC_WARN_UNINITIALIZED_AUTOS = YES_AGGRESSIVE;
				GCC_WARN_UNUSED_FUNCTION = YES;
				GCC_WARN_UNUSED_VARIABLE = YES;
				IPHONEOS_DEPLOYMENT_TARGET = 12.0;
				MTL_ENABLE_DEBUG_INFO = INCLUDE_SOURCE;
				MTL_FAST_MATH = YES;
				ONLY_ACTIVE_ARCH = YES;
				SDKROOT = iphoneos;
				SWIFT_ACTIVE_COMPILATION_CONDITIONS = DEBUG;
				SWIFT_OPTIMIZATION_LEVEL = "-Onone";
			};
			name = Debug;
		};
		BACBCE332351565F0095DB6B /* Release */ = {
			isa = XCBuildConfiguration;
			buildSettings = {
				ALWAYS_SEARCH_USER_PATHS = NO;
				CLANG_ANALYZER_NONNULL = YES;
				CLANG_ANALYZER_NUMBER_OBJECT_CONVERSION = YES_AGGRESSIVE;
				CLANG_CXX_LANGUAGE_STANDARD = "gnu++14";
				CLANG_CXX_LIBRARY = "libc++";
				CLANG_ENABLE_MODULES = YES;
				CLANG_ENABLE_OBJC_ARC = YES;
				CLANG_ENABLE_OBJC_WEAK = YES;
				CLANG_WARN_BLOCK_CAPTURE_AUTORELEASING = YES;
				CLANG_WARN_BOOL_CONVERSION = YES;
				CLANG_WARN_COMMA = YES;
				CLANG_WARN_CONSTANT_CONVERSION = YES;
				CLANG_WARN_DEPRECATED_OBJC_IMPLEMENTATIONS = YES;
				CLANG_WARN_DIRECT_OBJC_ISA_USAGE = YES_ERROR;
				CLANG_WARN_DOCUMENTATION_COMMENTS = YES;
				CLANG_WARN_EMPTY_BODY = YES;
				CLANG_WARN_ENUM_CONVERSION = YES;
				CLANG_WARN_INFINITE_RECURSION = YES;
				CLANG_WARN_INT_CONVERSION = YES;
				CLANG_WARN_NON_LITERAL_NULL_CONVERSION = YES;
				CLANG_WARN_OBJC_IMPLICIT_RETAIN_SELF = YES;
				CLANG_WARN_OBJC_LITERAL_CONVERSION = YES;
				CLANG_WARN_OBJC_ROOT_CLASS = YES_ERROR;
				CLANG_WARN_RANGE_LOOP_ANALYSIS = YES;
				CLANG_WARN_STRICT_PROTOTYPES = YES;
				CLANG_WARN_SUSPICIOUS_MOVE = YES;
				CLANG_WARN_UNGUARDED_AVAILABILITY = YES_AGGRESSIVE;
				CLANG_WARN_UNREACHABLE_CODE = YES;
				CLANG_WARN__DUPLICATE_METHOD_MATCH = YES;
				CODE_SIGN_IDENTITY = "iPhone Developer";
				COPY_PHASE_STRIP = NO;
				DEBUG_INFORMATION_FORMAT = "dwarf-with-dsym";
				ENABLE_NS_ASSERTIONS = NO;
				ENABLE_STRICT_OBJC_MSGSEND = YES;
				GCC_C_LANGUAGE_STANDARD = gnu11;
				GCC_NO_COMMON_BLOCKS = YES;
				GCC_WARN_64_TO_32_BIT_CONVERSION = YES;
				GCC_WARN_ABOUT_RETURN_TYPE = YES_ERROR;
				GCC_WARN_UNDECLARED_SELECTOR = YES;
				GCC_WARN_UNINITIALIZED_AUTOS = YES_AGGRESSIVE;
				GCC_WARN_UNUSED_FUNCTION = YES;
				GCC_WARN_UNUSED_VARIABLE = YES;
				IPHONEOS_DEPLOYMENT_TARGET = 12.0;
				MTL_ENABLE_DEBUG_INFO = NO;
				MTL_FAST_MATH = YES;
				SDKROOT = iphoneos;
				SWIFT_COMPILATION_MODE = wholemodule;
				SWIFT_OPTIMIZATION_LEVEL = "-O";
				VALIDATE_PRODUCT = YES;
			};
			name = Release;
		};
		BACBCE352351565F0095DB6B /* Debug */ = {
			isa = XCBuildConfiguration;
			buildSettings = {
				ASSETCATALOG_COMPILER_APPICON_NAME = AppIcon;
				CODE_SIGN_STYLE = Automatic;
				INFOPLIST_FILE = DobanBooks/Info.plist;
				LD_RUNPATH_SEARCH_PATHS = (
					"$(inherited)",
					"@executable_path/Frameworks",
				);
				MACH_O_TYPE = mh_bundle;
				PRODUCT_BUNDLE_IDENTIFIER = net.lzzy.DobanBooks;
				PRODUCT_NAME = "$(TARGET_NAME)";
				SWIFT_VERSION = 4.2;
				TARGETED_DEVICE_FAMILY = "1,2";
			};
			name = Debug;
		};
		BACBCE362351565F0095DB6B /* Release */ = {
			isa = XCBuildConfiguration;
			buildSettings = {
				ASSETCATALOG_COMPILER_APPICON_NAME = AppIcon;
				CODE_SIGN_STYLE = Automatic;
				INFOPLIST_FILE = DobanBooks/Info.plist;
				LD_RUNPATH_SEARCH_PATHS = (
					"$(inherited)",
					"@executable_path/Frameworks",
				);
				MACH_O_TYPE = mh_bundle;
				PRODUCT_BUNDLE_IDENTIFIER = net.lzzy.DobanBooks;
				PRODUCT_NAME = "$(TARGET_NAME)";
				SWIFT_VERSION = 4.2;
				TARGETED_DEVICE_FAMILY = "1,2";
			};
			name = Release;
		};
		BACBCE382351565F0095DB6B /* Debug */ = {
			isa = XCBuildConfiguration;
			buildSettings = {
				ALWAYS_EMBED_SWIFT_STANDARD_LIBRARIES = YES;
				BUNDLE_LOADER = "$(TEST_HOST)";
				CODE_SIGN_STYLE = Automatic;
				INFOPLIST_FILE = DobanBooksTests/Info.plist;
				LD_RUNPATH_SEARCH_PATHS = (
					"$(inherited)",
					"@executable_path/Frameworks",
					"@loader_path/Frameworks",
				);
				PRODUCT_BUNDLE_IDENTIFIER = net.lzzy.DobanBooksTests;
				PRODUCT_NAME = "$(TARGET_NAME)";
				SWIFT_VERSION = 4.2;
				TARGETED_DEVICE_FAMILY = "1,2";
				TEST_HOST = "$(BUILT_PRODUCTS_DIR)/DobanBooks.app/DobanBooks";
			};
			name = Debug;
		};
		BACBCE392351565F0095DB6B /* Release */ = {
			isa = XCBuildConfiguration;
			buildSettings = {
				ALWAYS_EMBED_SWIFT_STANDARD_LIBRARIES = YES;
				BUNDLE_LOADER = "$(TEST_HOST)";
				CODE_SIGN_STYLE = Automatic;
				INFOPLIST_FILE = DobanBooksTests/Info.plist;
				LD_RUNPATH_SEARCH_PATHS = (
					"$(inherited)",
					"@executable_path/Frameworks",
					"@loader_path/Frameworks",
				);
				PRODUCT_BUNDLE_IDENTIFIER = net.lzzy.DobanBooksTests;
				PRODUCT_NAME = "$(TARGET_NAME)";
				SWIFT_VERSION = 4.2;
				TARGETED_DEVICE_FAMILY = "1,2";
				TEST_HOST = "$(BUILT_PRODUCTS_DIR)/DobanBooks.app/DobanBooks";
			};
			name = Release;
		};
/* End XCBuildConfiguration section */

/* Begin XCConfigurationList section */
		BACBCE0F2351565E0095DB6B /* Build configuration list for PBXProject "DobanBooks" */ = {
			isa = XCConfigurationList;
			buildConfigurations = (
				BACBCE322351565F0095DB6B /* Debug */,
				BACBCE332351565F0095DB6B /* Release */,
			);
			defaultConfigurationIsVisible = 0;
			defaultConfigurationName = Release;
		};
		BACBCE342351565F0095DB6B /* Build configuration list for PBXNativeTarget "DobanBooks" */ = {
			isa = XCConfigurationList;
			buildConfigurations = (
				BACBCE352351565F0095DB6B /* Debug */,
				BACBCE362351565F0095DB6B /* Release */,
			);
			defaultConfigurationIsVisible = 0;
			defaultConfigurationName = Release;
		};
		BACBCE372351565F0095DB6B /* Build configuration list for PBXNativeTarget "DobanBooksTests" */ = {
			isa = XCConfigurationList;
			buildConfigurations = (
				BACBCE382351565F0095DB6B /* Debug */,
				BACBCE392351565F0095DB6B /* Release */,
			);
			defaultConfigurationIsVisible = 0;
			defaultConfigurationName = Release;
		};
/* End XCConfigurationList section */

/* Begin XCVersionGroup section */
		BACBCE1E2351565E0095DB6B /* DobanBooks.xcdatamodeld */ = {
			isa = XCVersionGroup;
			children = (
				BACBCE4223515E470095DB6B /* DobanBooks 2.xcdatamodel */,
				BACBCE1F2351565E0095DB6B /* DobanBooks.xcdatamodel */,
			);
			currentVersion = BACBCE4223515E470095DB6B /* DobanBooks 2.xcdatamodel */;
			path = DobanBooks.xcdatamodeld;
			sourceTree = "<group>";
			versionGroupType = wrapper.xcdatamodel;
		};
/* End XCVersionGroup section */
	};
	rootObject = BACBCE0C2351565E0095DB6B /* Project object */;
}
